
Microsoft Visual Studio Solution File, Format Version 12.00
# Visual Studio Version 17
VisualStudioVersion = 17.10.35004.147
MinimumVisualStudioVersion = 10.0.40219.1
Project("{8BC9CEB8-8B4A-11D0-8D11-00A0C91BC942}") = "MT3_04_04", "MT3_04_04.vcxproj", "{ACAF3181-36B4-4D4F-9E73-A33F1064AE40}"
EndProject
Global
	GlobalSection(SolutionConfigurationPlatforms) = preSolution
		Debug|x64 = Debug|x64
		Release|x64 = Release|x64
	EndGlobalSection
	GlobalSection(ProjectConfigurationPlatforms) = postSolution
		{ACAF3181-36B4-4D4F-9E73-A33F1064AE40}.Debug|x64.ActiveCfg = Debug|x64
		{ACAF3181-36B4-4D4F-9E73-A33F1064AE40}.Debug|x64.Build.0 = Debug|x64
		{ACAF3181-36B4-4D4F-9E73-A33F1064AE40}.Release|x64.ActiveCfg = Release|x64
		{ACAF3181-36B4-4D4F-9E73-A33F1064AE40}.Release|x64.Build.0 = Release|x64
	EndGlobalSection
	GlobalSection(SolutionProperties) = preSolution
		HideSolutionNode = FALSE
	EndGlobalSection
	GlobalSection(ExtensibilityGlobals) = postSolution
		SolutionGuid = {B4F30911-0663-4721-9C6F-09137C3E3DFD}
	EndGlobalSection
EndGlobal
